
Microsoft Visual Studio Solution File, Format Version 12.00
# Visual Studio 2012
Project("{FAE04EC0-301F-11D3-BF4B-00C04F79EFBC}") = "Web", "Web\Web.csproj", "{712534BC-5FFD-4421-A5AE-F71D99C17C2A}"
EndProject
Project("{FAE04EC0-301F-11D3-BF4B-00C04F79EFBC}") = "Web.Tests", "Web.Tests\Web.Tests.csproj", "{F2383584-7B4D-4D5F-A764-A4748205F45A}"
EndProject
Project("{FAE04EC0-301F-11D3-BF4B-00C04F79EFBC}") = "NFTW", "NFTW\NFTW.csproj", "{0197C210-F609-4628-A635-B061F8D174CF}"
EndProject
Project("{FAE04EC0-301F-11D3-BF4B-00C04F79EFBC}") = "Server", "Server\Server.csproj", "{920916C2-A506-4B93-A453-CDCF85C58ED0}"
EndProject
Project("{FAE04EC0-301F-11D3-BF4B-00C04F79EFBC}") = "Client", "Client\Client.csproj", "{39E0C4CD-A16B-4131-9810-C8C7A722EFD2}"
EndProject
Project("{2150E333-8FDC-42A3-9474-1A3956D46DE8}") = "TestArea", "TestArea", "{37E27CCD-A1A5-4CBA-896C-B728F20D2E2A}"
EndProject
Project("{2150E333-8FDC-42A3-9474-1A3956D46DE8}") = "Package", "Package", "{9D1566F0-626E-419F-993F-3DAFA452E595}"
EndProject
Project("{2150E333-8FDC-42A3-9474-1A3956D46DE8}") = "Socket", "Socket", "{89556544-83E8-4F4C-990E-3C806C57EAA6}"
EndProject
Project("{2150E333-8FDC-42A3-9474-1A3956D46DE8}") = "TCP", "TCP", "{6A35CE7C-07E0-4067-8290-12A950F204FA}"
EndProject
Project("{2150E333-8FDC-42A3-9474-1A3956D46DE8}") = "UDP", "UDP", "{C6F61971-1196-42E9-85E7-AB17BE548FDA}"
EndProject
Project("{FAE04EC0-301F-11D3-BF4B-00C04F79EFBC}") = "PatchService", "PatchService\PatchService.csproj", "{E116ED8E-427C-4E6D-9410-B9EDF2117EAE}"
EndProject
Global
	GlobalSection(SolutionConfigurationPlatforms) = preSolution
		Debug|Any CPU = Debug|Any CPU
		Release|Any CPU = Release|Any CPU
	EndGlobalSection
	GlobalSection(ProjectConfigurationPlatforms) = postSolution
		{712534BC-5FFD-4421-A5AE-F71D99C17C2A}.Debug|Any CPU.ActiveCfg = Debug|Any CPU
		{712534BC-5FFD-4421-A5AE-F71D99C17C2A}.Debug|Any CPU.Build.0 = Debug|Any CPU
		{712534BC-5FFD-4421-A5AE-F71D99C17C2A}.Release|Any CPU.ActiveCfg = Release|Any CPU
		{712534BC-5FFD-4421-A5AE-F71D99C17C2A}.Release|Any CPU.Build.0 = Release|Any CPU
		{F2383584-7B4D-4D5F-A764-A4748205F45A}.Debug|Any CPU.ActiveCfg = Debug|Any CPU
		{F2383584-7B4D-4D5F-A764-A4748205F45A}.Debug|Any CPU.Build.0 = Debug|Any CPU
		{F2383584-7B4D-4D5F-A764-A4748205F45A}.Release|Any CPU.ActiveCfg = Release|Any CPU
		{F2383584-7B4D-4D5F-A764-A4748205F45A}.Release|Any CPU.Build.0 = Release|Any CPU
		{0197C210-F609-4628-A635-B061F8D174CF}.Debug|Any CPU.ActiveCfg = Debug|Any CPU
		{0197C210-F609-4628-A635-B061F8D174CF}.Debug|Any CPU.Build.0 = Debug|Any CPU
		{0197C210-F609-4628-A635-B061F8D174CF}.Release|Any CPU.ActiveCfg = Release|Any CPU
		{0197C210-F609-4628-A635-B061F8D174CF}.Release|Any CPU.Build.0 = Release|Any CPU
		{920916C2-A506-4B93-A453-CDCF85C58ED0}.Debug|Any CPU.ActiveCfg = Debug|Any CPU
		{920916C2-A506-4B93-A453-CDCF85C58ED0}.Debug|Any CPU.Build.0 = Debug|Any CPU
		{920916C2-A506-4B93-A453-CDCF85C58ED0}.Release|Any CPU.ActiveCfg = Release|Any CPU
		{920916C2-A506-4B93-A453-CDCF85C58ED0}.Release|Any CPU.Build.0 = Release|Any CPU
		{39E0C4CD-A16B-4131-9810-C8C7A722EFD2}.Debug|Any CPU.ActiveCfg = Debug|Any CPU
		{39E0C4CD-A16B-4131-9810-C8C7A722EFD2}.Debug|Any CPU.Build.0 = Debug|Any CPU
		{39E0C4CD-A16B-4131-9810-C8C7A722EFD2}.Release|Any CPU.ActiveCfg = Release|Any CPU
		{39E0C4CD-A16B-4131-9810-C8C7A722EFD2}.Release|Any CPU.Build.0 = Release|Any CPU
		{E116ED8E-427C-4E6D-9410-B9EDF2117EAE}.Debug|Any CPU.ActiveCfg = Debug|Any CPU
		{E116ED8E-427C-4E6D-9410-B9EDF2117EAE}.Debug|Any CPU.Build.0 = Debug|Any CPU
		{E116ED8E-427C-4E6D-9410-B9EDF2117EAE}.Release|Any CPU.ActiveCfg = Release|Any CPU
		{E116ED8E-427C-4E6D-9410-B9EDF2117EAE}.Release|Any CPU.Build.0 = Release|Any CPU
	EndGlobalSection
	GlobalSection(SolutionProperties) = preSolution
		HideSolutionNode = FALSE
	EndGlobalSection
	GlobalSection(NestedProjects) = preSolution
		{9D1566F0-626E-419F-993F-3DAFA452E595} = {37E27CCD-A1A5-4CBA-896C-B728F20D2E2A}
		{89556544-83E8-4F4C-990E-3C806C57EAA6} = {37E27CCD-A1A5-4CBA-896C-B728F20D2E2A}
		{920916C2-A506-4B93-A453-CDCF85C58ED0} = {9D1566F0-626E-419F-993F-3DAFA452E595}
		{39E0C4CD-A16B-4131-9810-C8C7A722EFD2} = {9D1566F0-626E-419F-993F-3DAFA452E595}
		{E116ED8E-427C-4E6D-9410-B9EDF2117EAE} = {9D1566F0-626E-419F-993F-3DAFA452E595}
		{6A35CE7C-07E0-4067-8290-12A950F204FA} = {89556544-83E8-4F4C-990E-3C806C57EAA6}
		{C6F61971-1196-42E9-85E7-AB17BE548FDA} = {89556544-83E8-4F4C-990E-3C806C57EAA6}
	EndGlobalSection
EndGlobal
